// !$*UTF8*$!
{
	archiveVersion = 1;
	classes = {
	};
	objectVersion = 46;
	objects = {

/* Begin PBXBuildFile section */
		1223CBB91B187D0300A42C80 /* EtatCivilTableViewController.swift in Sources */ = {isa = PBXBuildFile; fileRef = 1223CBB81B187D0300A42C80 /* EtatCivilTableViewController.swift */; };
		1223CBBB1B1884BC00A42C80 /* PickerViewController.swift in Sources */ = {isa = PBXBuildFile; fileRef = 1223CBBA1B1884BC00A42C80 /* PickerViewController.swift */; };
		1274F9241B1B6F52002FCF43 /* date.swift in Sources */ = {isa = PBXBuildFile; fileRef = 1274F9231B1B6F52002FCF43 /* date.swift */; };
		1274F9261B1B7D2B002FCF43 /* SearchTableViewCell.swift in Sources */ = {isa = PBXBuildFile; fileRef = 1274F9251B1B7D2B002FCF43 /* SearchTableViewCell.swift */; };
		1274F9281B1C72FD002FCF43 /* ImageScrollViewController.swift in Sources */ = {isa = PBXBuildFile; fileRef = 1274F9271B1C72FD002FCF43 /* ImageScrollViewController.swift */; };
		127FE9051B1DFB9C0009B2E7 /* ImageCollectionViewController.swift in Sources */ = {isa = PBXBuildFile; fileRef = 127FE9041B1DFB9C0009B2E7 /* ImageCollectionViewController.swift */; };
		127FE9071B1E03610009B2E7 /* ImageViewController.swift in Sources */ = {isa = PBXBuildFile; fileRef = 127FE9061B1E03610009B2E7 /* ImageViewController.swift */; };
		127FE9091B2045D80009B2E7 /* EtatCivilNavigationViewController.swift in Sources */ = {isa = PBXBuildFile; fileRef = 127FE9081B2045D80009B2E7 /* EtatCivilNavigationViewController.swift */; };
		129D28B91B15F27000EF28FA /* MSCollectionViewCalendarLayout.m in Sources */ = {isa = PBXBuildFile; fileRef = 129D28B81B15F27000EF28FA /* MSCollectionViewCalendarLayout.m */; };
		129D28BC1B15F2ED00EF28FA /* NSDate+CupertinoYankee.m in Sources */ = {isa = PBXBuildFile; fileRef = 129D28BB1B15F2ED00EF28FA /* NSDate+CupertinoYankee.m */; };
		129D28C51B1613EE00EF28FA /* CalendarViewController.swift in Sources */ = {isa = PBXBuildFile; fileRef = 129D28C41B1613EE00EF28FA /* CalendarViewController.swift */; };
		12B347421B109E3000A8AC3D /* Oremia_Mobile_2Tests.swift in Sources */ = {isa = PBXBuildFile; fileRef = 12B347411B109E3000A8AC3D /* Oremia_Mobile_2Tests.swift */; };
		12B347C11B10B0AD00A8AC3D /* Actes.swift in Sources */ = {isa = PBXBuildFile; fileRef = 12B3479A1B10B0AD00A8AC3D /* Actes.swift */; };
		12B347C21B10B0AD00A8AC3D /* ActesTableViewCell.swift in Sources */ = {isa = PBXBuildFile; fileRef = 12B3479B1B10B0AD00A8AC3D /* ActesTableViewCell.swift */; };
		12B347C31B10B0AD00A8AC3D /* ActesTableViewController.swift in Sources */ = {isa = PBXBuildFile; fileRef = 12B3479C1B10B0AD00A8AC3D /* ActesTableViewController.swift */; };
		12B347C41B10B0AD00A8AC3D /* APIController.swift in Sources */ = {isa = PBXBuildFile; fileRef = 12B3479D1B10B0AD00A8AC3D /* APIController.swift */; };
		12B347C51B10B0AD00A8AC3D /* AppDelegate.swift in Sources */ = {isa = PBXBuildFile; fileRef = 12B3479E1B10B0AD00A8AC3D /* AppDelegate.swift */; };
		12B347C61B10B0AD00A8AC3D /* ConfigurationViewController.swift in Sources */ = {isa = PBXBuildFile; fileRef = 12B3479F1B10B0AD00A8AC3D /* ConfigurationViewController.swift */; };
		12B347C71B10B0AD00A8AC3D /* ConnexionString.swift in Sources */ = {isa = PBXBuildFile; fileRef = 12B347A01B10B0AD00A8AC3D /* ConnexionString.swift */; };
		12B347C81B10B0AD00A8AC3D /* DetailNavigationController.swift in Sources */ = {isa = PBXBuildFile; fileRef = 12B347A11B10B0AD00A8AC3D /* DetailNavigationController.swift */; };
		12B347C91B10B0AD00A8AC3D /* DetailsViewController.swift in Sources */ = {isa = PBXBuildFile; fileRef = 12B347A21B10B0AD00A8AC3D /* DetailsViewController.swift */; };
		12B347CA1B10B0AD00A8AC3D /* DocumentPatientTableViewController.swift in Sources */ = {isa = PBXBuildFile; fileRef = 12B347A31B10B0AD00A8AC3D /* DocumentPatientTableViewController.swift */; };
		12B347CB1B10B0AD00A8AC3D /* Documents.swift in Sources */ = {isa = PBXBuildFile; fileRef = 12B347A41B10B0AD00A8AC3D /* Documents.swift */; };
		12B347CC1B10B0AD00A8AC3D /* DocumentTableViewCell.swift in Sources */ = {isa = PBXBuildFile; fileRef = 12B347A51B10B0AD00A8AC3D /* DocumentTableViewCell.swift */; };
		12B347CD1B10B0AD00A8AC3D /* EtatCivilViewController.swift in Sources */ = {isa = PBXBuildFile; fileRef = 12B347A61B10B0AD00A8AC3D /* EtatCivilViewController.swift */; };
		12B347CE1B10B0AD00A8AC3D /* FullScreenDocumentViewController.swift in Sources */ = {isa = PBXBuildFile; fileRef = 12B347A71B10B0AD00A8AC3D /* FullScreenDocumentViewController.swift */; };
		12B347CF1B10B0AD00A8AC3D /* FullScreenRadioViewController.swift in Sources */ = {isa = PBXBuildFile; fileRef = 12B347A81B10B0AD00A8AC3D /* FullScreenRadioViewController.swift */; };
		12B347D11B10B0AD00A8AC3D /* Images.xcassets in Resources */ = {isa = PBXBuildFile; fileRef = 12B347AB1B10B0AD00A8AC3D /* Images.xcassets */; };
		12B347D21B10B0AD00A8AC3D /* Info.plist in Resources */ = {isa = PBXBuildFile; fileRef = 12B347AC1B10B0AD00A8AC3D /* Info.plist */; };
		12B347D31B10B0AD00A8AC3D /* MapViewController.swift in Sources */ = {isa = PBXBuildFile; fileRef = 12B347AD1B10B0AD00A8AC3D /* MapViewController.swift */; };
		12B347D41B10B0AD00A8AC3D /* MenuController.swift in Sources */ = {isa = PBXBuildFile; fileRef = 12B347AE1B10B0AD00A8AC3D /* MenuController.swift */; };
		12B347D51B10B0AD00A8AC3D /* model.swift in Sources */ = {isa = PBXBuildFile; fileRef = 12B347AF1B10B0AD00A8AC3D /* model.swift */; };
		12B347D61B10B0AD00A8AC3D /* NewsTableViewCell.swift in Sources */ = {isa = PBXBuildFile; fileRef = 12B347B01B10B0AD00A8AC3D /* NewsTableViewCell.swift */; };
		12B347D71B10B0AD00A8AC3D /* NewsTableViewController.swift in Sources */ = {isa = PBXBuildFile; fileRef = 12B347B11B10B0AD00A8AC3D /* NewsTableViewController.swift */; };
		12B347D91B10B0AD00A8AC3D /* patients.swift in Sources */ = {isa = PBXBuildFile; fileRef = 12B347B31B10B0AD00A8AC3D /* patients.swift */; };
		12B347DA1B10B0AD00A8AC3D /* PhotoViewController.swift in Sources */ = {isa = PBXBuildFile; fileRef = 12B347B41B10B0AD00A8AC3D /* PhotoViewController.swift */; };
		12B347DB1B10B0AD00A8AC3D /* praticien.swift in Sources */ = {isa = PBXBuildFile; fileRef = 12B347B51B10B0AD00A8AC3D /* praticien.swift */; };
		12B347DC1B10B0AD00A8AC3D /* RadioCollectionViewCell.swift in Sources */ = {isa = PBXBuildFile; fileRef = 12B347B61B10B0AD00A8AC3D /* RadioCollectionViewCell.swift */; };
		12B347DD1B10B0AD00A8AC3D /* RadioCollectionViewController.swift in Sources */ = {isa = PBXBuildFile; fileRef = 12B347B71B10B0AD00A8AC3D /* RadioCollectionViewController.swift */; };
		12B347DE1B10B0AD00A8AC3D /* Reachability.swift in Sources */ = {isa = PBXBuildFile; fileRef = 12B347B81B10B0AD00A8AC3D /* Reachability.swift */; };
		12B347DF1B10B0AD00A8AC3D /* SCLAlertView.swift in Sources */ = {isa = PBXBuildFile; fileRef = 12B347B91B10B0AD00A8AC3D /* SCLAlertView.swift */; };
		12B347E01B10B0AD00A8AC3D /* selectedUser.swift in Sources */ = {isa = PBXBuildFile; fileRef = 12B347BA1B10B0AD00A8AC3D /* selectedUser.swift */; };
		12B347E11B10B0AD00A8AC3D /* selectPratViewController.swift in Sources */ = {isa = PBXBuildFile; fileRef = 12B347BB1B10B0AD00A8AC3D /* selectPratViewController.swift */; };
		12B347E21B10B0AD00A8AC3D /* TabBarViewController.swift in Sources */ = {isa = PBXBuildFile; fileRef = 12B347BD1B10B0AD00A8AC3D /* TabBarViewController.swift */; };
		12B347E31B10B0AD00A8AC3D /* Track.swift in Sources */ = {isa = PBXBuildFile; fileRef = 12B347BE1B10B0AD00A8AC3D /* Track.swift */; };
		12B347E41B10B0AD00A8AC3D /* TrackCell.swift in Sources */ = {isa = PBXBuildFile; fileRef = 12B347BF1B10B0AD00A8AC3D /* TrackCell.swift */; };
		12B347E51B10B0AD00A8AC3D /* ViewController.swift in Sources */ = {isa = PBXBuildFile; fileRef = 12B347C01B10B0AD00A8AC3D /* ViewController.swift */; };
		12B347EA1B10B0EB00A8AC3D /* LaunchScreen.xib in Resources */ = {isa = PBXBuildFile; fileRef = 12B347E61B10B0EB00A8AC3D /* LaunchScreen.xib */; };
		12B347EB1B10B0EB00A8AC3D /* Main.storyboard in Resources */ = {isa = PBXBuildFile; fileRef = 12B347E81B10B0EB00A8AC3D /* Main.storyboard */; };
		12B347EE1B10B10E00A8AC3D /* SWRevealViewController.m in Sources */ = {isa = PBXBuildFile; fileRef = 12B347EC1B10B10E00A8AC3D /* SWRevealViewController.m */; };
		12C266DF1B4D278D00BA4C5A /* MapKit.framework in Frameworks */ = {isa = PBXBuildFile; fileRef = 12C266DE1B4D278D00BA4C5A /* MapKit.framework */; };
		12C266E01B4D27A600BA4C5A /* MapKit.framework in Embed Frameworks */ = {isa = PBXBuildFile; fileRef = 12C266DE1B4D278D00BA4C5A /* MapKit.framework */; settings = {ATTRIBUTES = (CodeSignOnCopy, RemoveHeadersOnCopy, ); }; };
		12C266E41B4D296000BA4C5A /* ImageIO.framework in Frameworks */ = {isa = PBXBuildFile; fileRef = 12C266E31B4D296000BA4C5A /* ImageIO.framework */; };
		12C266E51B4D296500BA4C5A /* ImageIO.framework in Embed Frameworks */ = {isa = PBXBuildFile; fileRef = 12C266E31B4D296000BA4C5A /* ImageIO.framework */; settings = {ATTRIBUTES = (CodeSignOnCopy, RemoveHeadersOnCopy, ); }; };
		12CF39AA1B175F6A00883192 /* Animatable.swift in Sources */ = {isa = PBXBuildFile; fileRef = 12CF39A21B175F6A00883192 /* Animatable.swift */; };
		12CF39AB1B175F6A00883192 /* AnimatableImageView.swift in Sources */ = {isa = PBXBuildFile; fileRef = 12CF39A31B175F6A00883192 /* AnimatableImageView.swift */; };
		12CF39AC1B175F6A00883192 /* AnimatedFrame.swift in Sources */ = {isa = PBXBuildFile; fileRef = 12CF39A41B175F6A00883192 /* AnimatedFrame.swift */; };
		12CF39AD1B175F6A00883192 /* Animator.swift in Sources */ = {isa = PBXBuildFile; fileRef = 12CF39A51B175F6A00883192 /* Animator.swift */; };
		12CF39AE1B175F6A00883192 /* Curry.swift in Sources */ = {isa = PBXBuildFile; fileRef = 12CF39A61B175F6A00883192 /* Curry.swift */; };
		12CF39AF1B175F6A00883192 /* ImageSourceHelpers.swift in Sources */ = {isa = PBXBuildFile; fileRef = 12CF39A81B175F6A00883192 /* ImageSourceHelpers.swift */; };
		12CF39B01B175F6A00883192 /* UIImageExtension.swift in Sources */ = {isa = PBXBuildFile; fileRef = 12CF39A91B175F6A00883192 /* UIImageExtension.swift */; };
		12CF39B61B1764CF00883192 /* Runes.framework in Frameworks */ = {isa = PBXBuildFile; fileRef = 12CF39A01B175F4600883192 /* Runes.framework */; };
		12CF39B71B1764CF00883192 /* Runes.framework in Embed Frameworks */ = {isa = PBXBuildFile; fileRef = 12CF39A01B175F4600883192 /* Runes.framework */; settings = {ATTRIBUTES = (CodeSignOnCopy, RemoveHeadersOnCopy, ); }; };
		12CF39DD1B1789D100883192 /* NSData+ImageContentType.m in Sources */ = {isa = PBXBuildFile; fileRef = 12CF39C11B1789D000883192 /* NSData+ImageContentType.m */; };
		12CF39DE1B1789D100883192 /* SDImageCache.m in Sources */ = {isa = PBXBuildFile; fileRef = 12CF39C31B1789D000883192 /* SDImageCache.m */; };
		12CF39DF1B1789D100883192 /* SDWebImageCompat.m in Sources */ = {isa = PBXBuildFile; fileRef = 12CF39C51B1789D000883192 /* SDWebImageCompat.m */; };
		12CF39E01B1789D100883192 /* SDWebImageDecoder.m in Sources */ = {isa = PBXBuildFile; fileRef = 12CF39C71B1789D000883192 /* SDWebImageDecoder.m */; };
		12CF39E11B1789D100883192 /* SDWebImageDownloader.m in Sources */ = {isa = PBXBuildFile; fileRef = 12CF39C91B1789D000883192 /* SDWebImageDownloader.m */; };
		12CF39E21B1789D100883192 /* SDWebImageDownloaderOperation.m in Sources */ = {isa = PBXBuildFile; fileRef = 12CF39CB1B1789D000883192 /* SDWebImageDownloaderOperation.m */; };
		12CF39E31B1789D100883192 /* SDWebImageManager.m in Sources */ = {isa = PBXBuildFile; fileRef = 12CF39CD1B1789D000883192 /* SDWebImageManager.m */; };
		12CF39E41B1789D100883192 /* SDWebImagePrefetcher.m in Sources */ = {isa = PBXBuildFile; fileRef = 12CF39D01B1789D000883192 /* SDWebImagePrefetcher.m */; };
		12CF39E51B1789D100883192 /* UIButton+WebCache.m in Sources */ = {isa = PBXBuildFile; fileRef = 12CF39D21B1789D000883192 /* UIButton+WebCache.m */; };
		12CF39E61B1789D100883192 /* UIImage+GIF.m in Sources */ = {isa = PBXBuildFile; fileRef = 12CF39D41B1789D100883192 /* UIImage+GIF.m */; };
		12CF39E71B1789D100883192 /* UIImage+MultiFormat.m in Sources */ = {isa = PBXBuildFile; fileRef = 12CF39D61B1789D100883192 /* UIImage+MultiFormat.m */; };
		12CF39E81B1789D100883192 /* UIImageView+HighlightedWebCache.m in Sources */ = {isa = PBXBuildFile; fileRef = 12CF39D81B1789D100883192 /* UIImageView+HighlightedWebCache.m */; };
		12CF39E91B1789D100883192 /* UIImageView+WebCache.m in Sources */ = {isa = PBXBuildFile; fileRef = 12CF39DA1B1789D100883192 /* UIImageView+WebCache.m */; };
		12CF39EA1B1789D100883192 /* UIView+WebCacheOperation.m in Sources */ = {isa = PBXBuildFile; fileRef = 12CF39DC1B1789D100883192 /* UIView+WebCacheOperation.m */; };
		12CF39EC1B178A0900883192 /* CircularLoaderView.swift in Sources */ = {isa = PBXBuildFile; fileRef = 12CF39EB1B178A0900883192 /* CircularLoaderView.swift */; };
/* End PBXBuildFile section */

/* Begin PBXContainerItemProxy section */
		12B3473C1B109E3000A8AC3D /* PBXContainerItemProxy */ = {
			isa = PBXContainerItemProxy;
			containerPortal = 12B3471E1B109E3000A8AC3D /* Project object */;
			proxyType = 1;
			remoteGlobalIDString = 12B347251B109E3000A8AC3D;
			remoteInfo = "Oremia Mobile 2";
		};
/* End PBXContainerItemProxy section */

/* Begin PBXCopyFilesBuildPhase section */
		12CF39B81B1764CF00883192 /* Embed Frameworks */ = {
			isa = PBXCopyFilesBuildPhase;
			buildActionMask = 2147483647;
			dstPath = "";
			dstSubfolderSpec = 10;
			files = (
				12C266E51B4D296500BA4C5A /* ImageIO.framework in Embed Frameworks */,
				12C266E01B4D27A600BA4C5A /* MapKit.framework in Embed Frameworks */,
				12CF39B71B1764CF00883192 /* Runes.framework in Embed Frameworks */,
			);
			name = "Embed Frameworks";
			runOnlyForDeploymentPostprocessing = 0;
		};
/* End PBXCopyFilesBuildPhase section */

/* Begin PBXFileReference section */
		1223CBB81B187D0300A42C80 /* EtatCivilTableViewController.swift */ = {isa = PBXFileReference; fileEncoding = 4; lastKnownFileType = sourcecode.swift; path = EtatCivilTableViewController.swift; sourceTree = "<group>"; };
		1223CBBA1B1884BC00A42C80 /* PickerViewController.swift */ = {isa = PBXFileReference; fileEncoding = 4; lastKnownFileType = sourcecode.swift; path = PickerViewController.swift; sourceTree = "<group>"; };
		1274F9231B1B6F52002FCF43 /* date.swift */ = {isa = PBXFileReference; fileEncoding = 4; lastKnownFileType = sourcecode.swift; path = date.swift; sourceTree = "<group>"; };
		1274F9251B1B7D2B002FCF43 /* SearchTableViewCell.swift */ = {isa = PBXFileReference; fileEncoding = 4; lastKnownFileType = sourcecode.swift; path = SearchTableViewCell.swift; sourceTree = "<group>"; };
		1274F9271B1C72FD002FCF43 /* ImageScrollViewController.swift */ = {isa = PBXFileReference; fileEncoding = 4; lastKnownFileType = sourcecode.swift; path = ImageScrollViewController.swift; sourceTree = "<group>"; };
		127FE9041B1DFB9C0009B2E7 /* ImageCollectionViewController.swift */ = {isa = PBXFileReference; fileEncoding = 4; lastKnownFileType = sourcecode.swift; path = ImageCollectionViewController.swift; sourceTree = "<group>"; };
		127FE9061B1E03610009B2E7 /* ImageViewController.swift */ = {isa = PBXFileReference; fileEncoding = 4; lastKnownFileType = sourcecode.swift; path = ImageViewController.swift; sourceTree = "<group>"; };
		127FE9081B2045D80009B2E7 /* EtatCivilNavigationViewController.swift */ = {isa = PBXFileReference; fileEncoding = 4; lastKnownFileType = sourcecode.swift; path = EtatCivilNavigationViewController.swift; sourceTree = "<group>"; };
		129D28B71B15F27000EF28FA /* MSCollectionViewCalendarLayout.h */ = {isa = PBXFileReference; fileEncoding = 4; lastKnownFileType = sourcecode.c.h; path = MSCollectionViewCalendarLayout.h; sourceTree = "<group>"; };
		129D28B81B15F27000EF28FA /* MSCollectionViewCalendarLayout.m */ = {isa = PBXFileReference; fileEncoding = 4; lastKnownFileType = sourcecode.c.objc; path = MSCollectionViewCalendarLayout.m; sourceTree = "<group>"; };
		129D28BA1B15F2ED00EF28FA /* NSDate+CupertinoYankee.h */ = {isa = PBXFileReference; fileEncoding = 4; lastKnownFileType = sourcecode.c.h; path = "NSDate+CupertinoYankee.h"; sourceTree = "<group>"; };
		129D28BB1B15F2ED00EF28FA /* NSDate+CupertinoYankee.m */ = {isa = PBXFileReference; fileEncoding = 4; lastKnownFileType = sourcecode.c.objc; path = "NSDate+CupertinoYankee.m"; sourceTree = "<group>"; };
		129D28C41B1613EE00EF28FA /* CalendarViewController.swift */ = {isa = PBXFileReference; fileEncoding = 4; lastKnownFileType = sourcecode.swift; path = CalendarViewController.swift; sourceTree = "<group>"; };
		12B347261B109E3000A8AC3D /* Oremia Mobile 2.app */ = {isa = PBXFileReference; explicitFileType = wrapper.application; includeInIndex = 0; path = "Oremia Mobile 2.app"; sourceTree = BUILT_PRODUCTS_DIR; };
		12B3472A1B109E3000A8AC3D /* Info.plist */ = {isa = PBXFileReference; lastKnownFileType = text.plist.xml; path = Info.plist; sourceTree = "<group>"; };
		12B3473B1B109E3000A8AC3D /* Oremia Mobile 2Tests.xctest */ = {isa = PBXFileReference; explicitFileType = wrapper.cfbundle; includeInIndex = 0; path = "Oremia Mobile 2Tests.xctest"; sourceTree = BUILT_PRODUCTS_DIR; };
		12B347401B109E3000A8AC3D /* Info.plist */ = {isa = PBXFileReference; lastKnownFileType = text.plist.xml; path = Info.plist; sourceTree = "<group>"; };
		12B347411B109E3000A8AC3D /* Oremia_Mobile_2Tests.swift */ = {isa = PBXFileReference; lastKnownFileType = sourcecode.swift; path = Oremia_Mobile_2Tests.swift; sourceTree = "<group>"; };
		12B347991B10B0AB00A8AC3D /* Oremia Mobile 2-Bridging-Header.h */ = {isa = PBXFileReference; lastKnownFileType = sourcecode.c.h; path = "Oremia Mobile 2-Bridging-Header.h"; sourceTree = "<group>"; };
		12B3479A1B10B0AD00A8AC3D /* Actes.swift */ = {isa = PBXFileReference; fileEncoding = 4; lastKnownFileType = sourcecode.swift; path = Actes.swift; sourceTree = "<group>"; };
		12B3479B1B10B0AD00A8AC3D /* ActesTableViewCell.swift */ = {isa = PBXFileReference; fileEncoding = 4; lastKnownFileType = sourcecode.swift; path = ActesTableViewCell.swift; sourceTree = "<group>"; };
		12B3479C1B10B0AD00A8AC3D /* ActesTableViewController.swift */ = {isa = PBXFileReference; fileEncoding = 4; lastKnownFileType = sourcecode.swift; path = ActesTableViewController.swift; sourceTree = "<group>"; };
		12B3479D1B10B0AD00A8AC3D /* APIController.swift */ = {isa = PBXFileReference; fileEncoding = 4; lastKnownFileType = sourcecode.swift; path = APIController.swift; sourceTree = "<group>"; };
		12B3479E1B10B0AD00A8AC3D /* AppDelegate.swift */ = {isa = PBXFileReference; fileEncoding = 4; lastKnownFileType = sourcecode.swift; path = AppDelegate.swift; sourceTree = "<group>"; };
		12B3479F1B10B0AD00A8AC3D /* ConfigurationViewController.swift */ = {isa = PBXFileReference; fileEncoding = 4; lastKnownFileType = sourcecode.swift; path = ConfigurationViewController.swift; sourceTree = "<group>"; };
		12B347A01B10B0AD00A8AC3D /* ConnexionString.swift */ = {isa = PBXFileReference; fileEncoding = 4; lastKnownFileType = sourcecode.swift; path = ConnexionString.swift; sourceTree = "<group>"; };
		12B347A11B10B0AD00A8AC3D /* DetailNavigationController.swift */ = {isa = PBXFileReference; fileEncoding = 4; lastKnownFileType = sourcecode.swift; path = DetailNavigationController.swift; sourceTree = "<group>"; };
		12B347A21B10B0AD00A8AC3D /* DetailsViewController.swift */ = {isa = PBXFileReference; fileEncoding = 4; lastKnownFileType = sourcecode.swift; path = DetailsViewController.swift; sourceTree = "<group>"; };
		12B347A31B10B0AD00A8AC3D /* DocumentPatientTableViewController.swift */ = {isa = PBXFileReference; fileEncoding = 4; lastKnownFileType = sourcecode.swift; path = DocumentPatientTableViewController.swift; sourceTree = "<group>"; };
		12B347A41B10B0AD00A8AC3D /* Documents.swift */ = {isa = PBXFileReference; fileEncoding = 4; lastKnownFileType = sourcecode.swift; path = Documents.swift; sourceTree = "<group>"; };
		12B347A51B10B0AD00A8AC3D /* DocumentTableViewCell.swift */ = {isa = PBXFileReference; fileEncoding = 4; lastKnownFileType = sourcecode.swift; path = DocumentTableViewCell.swift; sourceTree = "<group>"; };
		12B347A61B10B0AD00A8AC3D /* EtatCivilViewController.swift */ = {isa = PBXFileReference; fileEncoding = 4; lastKnownFileType = sourcecode.swift; path = EtatCivilViewController.swift; sourceTree = "<group>"; };
		12B347A71B10B0AD00A8AC3D /* FullScreenDocumentViewController.swift */ = {isa = PBXFileReference; fileEncoding = 4; lastKnownFileType = sourcecode.swift; path = FullScreenDocumentViewController.swift; sourceTree = "<group>"; };
		12B347A81B10B0AD00A8AC3D /* FullScreenRadioViewController.swift */ = {isa = PBXFileReference; fileEncoding = 4; lastKnownFileType = sourcecode.swift; path = FullScreenRadioViewController.swift; sourceTree = "<group>"; };
		12B347A91B10B0AD00A8AC3D /* Header.h */ = {isa = PBXFileReference; fileEncoding = 4; lastKnownFileType = sourcecode.c.h; path = Header.h; sourceTree = "<group>"; };
		12B347AB1B10B0AD00A8AC3D /* Images.xcassets */ = {isa = PBXFileReference; lastKnownFileType = folder.assetcatalog; path = Images.xcassets; sourceTree = "<group>"; };
		12B347AC1B10B0AD00A8AC3D /* Info.plist */ = {isa = PBXFileReference; fileEncoding = 4; lastKnownFileType = text.plist.xml; path = Info.plist; sourceTree = "<group>"; };
		12B347AD1B10B0AD00A8AC3D /* MapViewController.swift */ = {isa = PBXFileReference; fileEncoding = 4; lastKnownFileType = sourcecode.swift; path = MapViewController.swift; sourceTree = "<group>"; };
		12B347AE1B10B0AD00A8AC3D /* MenuController.swift */ = {isa = PBXFileReference; fileEncoding = 4; lastKnownFileType = sourcecode.swift; path = MenuController.swift; sourceTree = "<group>"; };
		12B347AF1B10B0AD00A8AC3D /* model.swift */ = {isa = PBXFileReference; fileEncoding = 4; lastKnownFileType = sourcecode.swift; path = model.swift; sourceTree = "<group>"; };
		12B347B01B10B0AD00A8AC3D /* NewsTableViewCell.swift */ = {isa = PBXFileReference; fileEncoding = 4; lastKnownFileType = sourcecode.swift; path = NewsTableViewCell.swift; sourceTree = "<group>"; };
		12B347B11B10B0AD00A8AC3D /* NewsTableViewController.swift */ = {isa = PBXFileReference; fileEncoding = 4; lastKnownFileType = sourcecode.swift; path = NewsTableViewController.swift; sourceTree = "<group>"; };
		12B347B31B10B0AD00A8AC3D /* patients.swift */ = {isa = PBXFileReference; fileEncoding = 4; lastKnownFileType = sourcecode.swift; path = patients.swift; sourceTree = "<group>"; };
		12B347B41B10B0AD00A8AC3D /* PhotoViewController.swift */ = {isa = PBXFileReference; fileEncoding = 4; lastKnownFileType = sourcecode.swift; path = PhotoViewController.swift; sourceTree = "<group>"; };
		12B347B51B10B0AD00A8AC3D /* praticien.swift */ = {isa = PBXFileReference; fileEncoding = 4; lastKnownFileType = sourcecode.swift; path = praticien.swift; sourceTree = "<group>"; };
		12B347B61B10B0AD00A8AC3D /* RadioCollectionViewCell.swift */ = {isa = PBXFileReference; fileEncoding = 4; lastKnownFileType = sourcecode.swift; path = RadioCollectionViewCell.swift; sourceTree = "<group>"; };
		12B347B71B10B0AD00A8AC3D /* RadioCollectionViewController.swift */ = {isa = PBXFileReference; fileEncoding = 4; lastKnownFileType = sourcecode.swift; path = RadioCollectionViewController.swift; sourceTree = "<group>"; };
		12B347B81B10B0AD00A8AC3D /* Reachability.swift */ = {isa = PBXFileReference; fileEncoding = 4; lastKnownFileType = sourcecode.swift; path = Reachability.swift; sourceTree = "<group>"; };
		12B347B91B10B0AD00A8AC3D /* SCLAlertView.swift */ = {isa = PBXFileReference; fileEncoding = 4; lastKnownFileType = sourcecode.swift; path = SCLAlertView.swift; sourceTree = "<group>"; };
		12B347BA1B10B0AD00A8AC3D /* selectedUser.swift */ = {isa = PBXFileReference; fileEncoding = 4; lastKnownFileType = sourcecode.swift; path = selectedUser.swift; sourceTree = "<group>"; };
		12B347BB1B10B0AD00A8AC3D /* selectPratViewController.swift */ = {isa = PBXFileReference; fileEncoding = 4; lastKnownFileType = sourcecode.swift; path = selectPratViewController.swift; sourceTree = "<group>"; };
		12B347BC1B10B0AD00A8AC3D /* SidebarMenu-Bridging-Header.h */ = {isa = PBXFileReference; fileEncoding = 4; lastKnownFileType = sourcecode.c.h; path = "SidebarMenu-Bridging-Header.h"; sourceTree = "<group>"; };
		12B347BD1B10B0AD00A8AC3D /* TabBarViewController.swift */ = {isa = PBXFileReference; fileEncoding = 4; lastKnownFileType = sourcecode.swift; path = TabBarViewController.swift; sourceTree = "<group>"; };
		12B347BE1B10B0AD00A8AC3D /* Track.swift */ = {isa = PBXFileReference; fileEncoding = 4; lastKnownFileType = sourcecode.swift; path = Track.swift; sourceTree = "<group>"; };
		12B347BF1B10B0AD00A8AC3D /* TrackCell.swift */ = {isa = PBXFileReference; fileEncoding = 4; lastKnownFileType = sourcecode.swift; path = TrackCell.swift; sourceTree = "<group>"; };
		12B347C01B10B0AD00A8AC3D /* ViewController.swift */ = {isa = PBXFileReference; fileEncoding = 4; lastKnownFileType = sourcecode.swift; path = ViewController.swift; sourceTree = "<group>"; };
		12B347E71B10B0EB00A8AC3D /* Base */ = {isa = PBXFileReference; lastKnownFileType = file.xib; name = Base; path = Base.lproj/LaunchScreen.xib; sourceTree = "<group>"; };
		12B347E91B10B0EB00A8AC3D /* Base */ = {isa = PBXFileReference; lastKnownFileType = file.storyboard; name = Base; path = Base.lproj/Main.storyboard; sourceTree = "<group>"; };
		12B347EC1B10B10E00A8AC3D /* SWRevealViewController.m */ = {isa = PBXFileReference; fileEncoding = 4; lastKnownFileType = sourcecode.c.objc; path = SWRevealViewController.m; sourceTree = "<group>"; };
		12B347ED1B10B10E00A8AC3D /* SWRevealViewController.h */ = {isa = PBXFileReference; fileEncoding = 4; lastKnownFileType = sourcecode.c.h; path = SWRevealViewController.h; sourceTree = "<group>"; };
		12C266DE1B4D278D00BA4C5A /* MapKit.framework */ = {isa = PBXFileReference; lastKnownFileType = wrapper.framework; name = MapKit.framework; path = System/Library/Frameworks/MapKit.framework; sourceTree = SDKROOT; };
		12C266E31B4D296000BA4C5A /* ImageIO.framework */ = {isa = PBXFileReference; lastKnownFileType = wrapper.framework; name = ImageIO.framework; path = System/Library/Frameworks/ImageIO.framework; sourceTree = SDKROOT; };
		12CF39A01B175F4600883192 /* Runes.framework */ = {isa = PBXFileReference; lastKnownFileType = wrapper.framework; path = Runes.framework; sourceTree = "<group>"; };
		12CF39A21B175F6A00883192 /* Animatable.swift */ = {isa = PBXFileReference; fileEncoding = 4; lastKnownFileType = sourcecode.swift; path = Animatable.swift; sourceTree = "<group>"; };
		12CF39A31B175F6A00883192 /* AnimatableImageView.swift */ = {isa = PBXFileReference; fileEncoding = 4; lastKnownFileType = sourcecode.swift; path = AnimatableImageView.swift; sourceTree = "<group>"; };
		12CF39A41B175F6A00883192 /* AnimatedFrame.swift */ = {isa = PBXFileReference; fileEncoding = 4; lastKnownFileType = sourcecode.swift; path = AnimatedFrame.swift; sourceTree = "<group>"; };
		12CF39A51B175F6A00883192 /* Animator.swift */ = {isa = PBXFileReference; fileEncoding = 4; lastKnownFileType = sourcecode.swift; path = Animator.swift; sourceTree = "<group>"; };
		12CF39A61B175F6A00883192 /* Curry.swift */ = {isa = PBXFileReference; fileEncoding = 4; lastKnownFileType = sourcecode.swift; path = Curry.swift; sourceTree = "<group>"; };
		12CF39A71B175F6A00883192 /* Gifu.h */ = {isa = PBXFileReference; fileEncoding = 4; lastKnownFileType = sourcecode.c.h; path = Gifu.h; sourceTree = "<group>"; };
		12CF39A81B175F6A00883192 /* ImageSourceHelpers.swift */ = {isa = PBXFileReference; fileEncoding = 4; lastKnownFileType = sourcecode.swift; path = ImageSourceHelpers.swift; sourceTree = "<group>"; };
		12CF39A91B175F6A00883192 /* UIImageExtension.swift */ = {isa = PBXFileReference; fileEncoding = 4; lastKnownFileType = sourcecode.swift; path = UIImageExtension.swift; sourceTree = "<group>"; };
		12CF39C01B1789D000883192 /* NSData+ImageContentType.h */ = {isa = PBXFileReference; fileEncoding = 4; lastKnownFileType = sourcecode.c.h; path = "NSData+ImageContentType.h"; sourceTree = "<group>"; };
		12CF39C11B1789D000883192 /* NSData+ImageContentType.m */ = {isa = PBXFileReference; fileEncoding = 4; lastKnownFileType = sourcecode.c.objc; path = "NSData+ImageContentType.m"; sourceTree = "<group>"; };
		12CF39C21B1789D000883192 /* SDImageCache.h */ = {isa = PBXFileReference; fileEncoding = 4; lastKnownFileType = sourcecode.c.h; path = SDImageCache.h; sourceTree = "<group>"; };
		12CF39C31B1789D000883192 /* SDImageCache.m */ = {isa = PBXFileReference; fileEncoding = 4; lastKnownFileType = sourcecode.c.objc; path = SDImageCache.m; sourceTree = "<group>"; };
		12CF39C41B1789D000883192 /* SDWebImageCompat.h */ = {isa = PBXFileReference; fileEncoding = 4; lastKnownFileType = sourcecode.c.h; path = SDWebImageCompat.h; sourceTree = "<group>"; };
		12CF39C51B1789D000883192 /* SDWebImageCompat.m */ = {isa = PBXFileReference; fileEncoding = 4; lastKnownFileType = sourcecode.c.objc; path = SDWebImageCompat.m; sourceTree = "<group>"; };
		12CF39C61B1789D000883192 /* SDWebImageDecoder.h */ = {isa = PBXFileReference; fileEncoding = 4; lastKnownFileType = sourcecode.c.h; path = SDWebImageDecoder.h; sourceTree = "<group>"; };
		12CF39C71B1789D000883192 /* SDWebImageDecoder.m */ = {isa = PBXFileReference; fileEncoding = 4; lastKnownFileType = sourcecode.c.objc; path = SDWebImageDecoder.m; sourceTree = "<group>"; };
		12CF39C81B1789D000883192 /* SDWebImageDownloader.h */ = {isa = PBXFileReference; fileEncoding = 4; lastKnownFileType = sourcecode.c.h; path = SDWebImageDownloader.h; sourceTree = "<group>"; };
		12CF39C91B1789D000883192 /* SDWebImageDownloader.m */ = {isa = PBXFileReference; fileEncoding = 4; lastKnownFileType = sourcecode.c.objc; path = SDWebImageDownloader.m; sourceTree = "<group>"; };
		12CF39CA1B1789D000883192 /* SDWebImageDownloaderOperation.h */ = {isa = PBXFileReference; fileEncoding = 4; lastKnownFileType = sourcecode.c.h; path = SDWebImageDownloaderOperation.h; sourceTree = "<group>"; };
		12CF39CB1B1789D000883192 /* SDWebImageDownloaderOperation.m */ = {isa = PBXFileReference; fileEncoding = 4; lastKnownFileType = sourcecode.c.objc; path = SDWebImageDownloaderOperation.m; sourceTree = "<group>"; };
		12CF39CC1B1789D000883192 /* SDWebImageManager.h */ = {isa = PBXFileReference; fileEncoding = 4; lastKnownFileType = sourcecode.c.h; path = SDWebImageManager.h; sourceTree = "<group>"; };
		12CF39CD1B1789D000883192 /* SDWebImageManager.m */ = {isa = PBXFileReference; fileEncoding = 4; lastKnownFileType = sourcecode.c.objc; path = SDWebImageManager.m; sourceTree = "<group>"; };
		12CF39CE1B1789D000883192 /* SDWebImageOperation.h */ = {isa = PBXFileReference; fileEncoding = 4; lastKnownFileType = sourcecode.c.h; path = SDWebImageOperation.h; sourceTree = "<group>"; };
		12CF39CF1B1789D000883192 /* SDWebImagePrefetcher.h */ = {isa = PBXFileReference; fileEncoding = 4; lastKnownFileType = sourcecode.c.h; path = SDWebImagePrefetcher.h; sourceTree = "<group>"; };
		12CF39D01B1789D000883192 /* SDWebImagePrefetcher.m */ = {isa = PBXFileReference; fileEncoding = 4; lastKnownFileType = sourcecode.c.objc; path = SDWebImagePrefetcher.m; sourceTree = "<group>"; };
		12CF39D11B1789D000883192 /* UIButton+WebCache.h */ = {isa = PBXFileReference; fileEncoding = 4; lastKnownFileType = sourcecode.c.h; path = "UIButton+WebCache.h"; sourceTree = "<group>"; };
		12CF39D21B1789D000883192 /* UIButton+WebCache.m */ = {isa = PBXFileReference; fileEncoding = 4; lastKnownFileType = sourcecode.c.objc; path = "UIButton+WebCache.m"; sourceTree = "<group>"; };
		12CF39D31B1789D000883192 /* UIImage+GIF.h */ = {isa = PBXFileReference; fileEncoding = 4; lastKnownFileType = sourcecode.c.h; path = "UIImage+GIF.h"; sourceTree = "<group>"; };
		12CF39D41B1789D100883192 /* UIImage+GIF.m */ = {isa = PBXFileReference; fileEncoding = 4; lastKnownFileType = sourcecode.c.objc; path = "UIImage+GIF.m"; sourceTree = "<group>"; };
		12CF39D51B1789D100883192 /* UIImage+MultiFormat.h */ = {isa = PBXFileReference; fileEncoding = 4; lastKnownFileType = sourcecode.c.h; path = "UIImage+MultiFormat.h"; sourceTree = "<group>"; };
		12CF39D61B1789D100883192 /* UIImage+MultiFormat.m */ = {isa = PBXFileReference; fileEncoding = 4; lastKnownFileType = sourcecode.c.objc; path = "UIImage+MultiFormat.m"; sourceTree = "<group>"; };
		12CF39D71B1789D100883192 /* UIImageView+HighlightedWebCache.h */ = {isa = PBXFileReference; fileEncoding = 4; lastKnownFileType = sourcecode.c.h; path = "UIImageView+HighlightedWebCache.h"; sourceTree = "<group>"; };
		12CF39D81B1789D100883192 /* UIImageView+HighlightedWebCache.m */ = {isa = PBXFileReference; fileEncoding = 4; lastKnownFileType = sourcecode.c.objc; path = "UIImageView+HighlightedWebCache.m"; sourceTree = "<group>"; };
		12CF39D91B1789D100883192 /* UIImageView+WebCache.h */ = {isa = PBXFileReference; fileEncoding = 4; lastKnownFileType = sourcecode.c.h; path = "UIImageView+WebCache.h"; sourceTree = "<group>"; };
		12CF39DA1B1789D100883192 /* UIImageView+WebCache.m */ = {isa = PBXFileReference; fileEncoding = 4; lastKnownFileType = sourcecode.c.objc; path = "UIImageView+WebCache.m"; sourceTree = "<group>"; };
		12CF39DB1B1789D100883192 /* UIView+WebCacheOperation.h */ = {isa = PBXFileReference; fileEncoding = 4; lastKnownFileType = sourcecode.c.h; path = "UIView+WebCacheOperation.h"; sourceTree = "<group>"; };
		12CF39DC1B1789D100883192 /* UIView+WebCacheOperation.m */ = {isa = PBXFileReference; fileEncoding = 4; lastKnownFileType = sourcecode.c.objc; path = "UIView+WebCacheOperation.m"; sourceTree = "<group>"; };
		12CF39EB1B178A0900883192 /* CircularLoaderView.swift */ = {isa = PBXFileReference; fileEncoding = 4; lastKnownFileType = sourcecode.swift; path = CircularLoaderView.swift; sourceTree = "<group>"; };
/* End PBXFileReference section */

/* Begin PBXFrameworksBuildPhase section */
		12B347231B109E3000A8AC3D /* Frameworks */ = {
			isa = PBXFrameworksBuildPhase;
			buildActionMask = 2147483647;
			files = (
				12C266E41B4D296000BA4C5A /* ImageIO.framework in Frameworks */,
				12C266DF1B4D278D00BA4C5A /* MapKit.framework in Frameworks */,
				12CF39B61B1764CF00883192 /* Runes.framework in Frameworks */,
			);
			runOnlyForDeploymentPostprocessing = 0;
		};
		12B347381B109E3000A8AC3D /* Frameworks */ = {
			isa = PBXFrameworksBuildPhase;
			buildActionMask = 2147483647;
			files = (
			);
			runOnlyForDeploymentPostprocessing = 0;
		};
/* End PBXFrameworksBuildPhase section */

/* Begin PBXGroup section */
		1286599D1B1475A100C2EEDF /* Classes */ = {
			isa = PBXGroup;
			children = (
				12B3479A1B10B0AD00A8AC3D /* Actes.swift */,
				12B347A01B10B0AD00A8AC3D /* ConnexionString.swift */,
				12B347A41B10B0AD00A8AC3D /* Documents.swift */,
				12B347B31B10B0AD00A8AC3D /* patients.swift */,
				12B347B51B10B0AD00A8AC3D /* praticien.swift */,
				12B347BA1B10B0AD00A8AC3D /* selectedUser.swift */,
				12B347BE1B10B0AD00A8AC3D /* Track.swift */,
				1274F9231B1B6F52002FCF43 /* date.swift */,
			);
			name = Classes;
			sourceTree = "<group>";
		};
		1286599E1B1475CA00C2EEDF /* Third part */ = {
			isa = PBXGroup;
			children = (
				12CF39BF1B1789BE00883192 /* SDWebImage */,
				12CF39B21B175F7E00883192 /* gifu */,
				128659A41B14AE7700C2EEDF /* MSCollectionView */,
				12B347EF1B10B6A900A8AC3D /* SWRevealViewController */,
				12B347B81B10B0AD00A8AC3D /* Reachability.swift */,
				12B347B91B10B0AD00A8AC3D /* SCLAlertView.swift */,
			);
			name = "Third part";
			sourceTree = "<group>";
		};
		1286599F1B1475F100C2EEDF /* Model */ = {
			isa = PBXGroup;
			children = (
				12B3479D1B10B0AD00A8AC3D /* APIController.swift */,
			);
			name = Model;
			sourceTree = "<group>";
		};
		128659A41B14AE7700C2EEDF /* MSCollectionView */ = {
			isa = PBXGroup;
			children = (
				129D28BA1B15F2ED00EF28FA /* NSDate+CupertinoYankee.h */,
				129D28BB1B15F2ED00EF28FA /* NSDate+CupertinoYankee.m */,
				129D28B71B15F27000EF28FA /* MSCollectionViewCalendarLayout.h */,
				129D28B81B15F27000EF28FA /* MSCollectionViewCalendarLayout.m */,
			);
			name = MSCollectionView;
			sourceTree = "<group>";
		};
		12B3471D1B109E3000A8AC3D = {
			isa = PBXGroup;
			children = (
				12CF399F1B175F2E00883192 /* Frameworks */,
				12B347291B109E3000A8AC3D /* Supporting Files */,
				12B347281B109E3000A8AC3D /* Oremia Mobile 2 */,
				12B3473E1B109E3000A8AC3D /* Oremia Mobile 2Tests */,
				12B347271B109E3000A8AC3D /* Products */,
			);
			sourceTree = "<group>";
		};
		12B347271B109E3000A8AC3D /* Products */ = {
			isa = PBXGroup;
			children = (
				12B347261B109E3000A8AC3D /* Oremia Mobile 2.app */,
				12B3473B1B109E3000A8AC3D /* Oremia Mobile 2Tests.xctest */,
			);
			name = Products;
			sourceTree = "<group>";
		};
		12B347281B109E3000A8AC3D /* Oremia Mobile 2 */ = {
			isa = PBXGroup;
			children = (
				1286599F1B1475F100C2EEDF /* Model */,
				1286599D1B1475A100C2EEDF /* Classes */,
				12B347F31B10B73B00A8AC3D /* Trash */,
				1286599E1B1475CA00C2EEDF /* Third part */,
				12B347F01B10B6E100A8AC3D /* ViewControllers */,
				12B3479E1B10B0AD00A8AC3D /* AppDelegate.swift */,
				12B347991B10B0AB00A8AC3D /* Oremia Mobile 2-Bridging-Header.h */,
				12B347AB1B10B0AD00A8AC3D /* Images.xcassets */,
				12B347AC1B10B0AD00A8AC3D /* Info.plist */,
				12B347E61B10B0EB00A8AC3D /* LaunchScreen.xib */,
				12B347E81B10B0EB00A8AC3D /* Main.storyboard */,
			);
			path = "Oremia Mobile 2";
			sourceTree = "<group>";
		};
		12B347291B109E3000A8AC3D /* Supporting Files */ = {
			isa = PBXGroup;
			children = (
				12B3472A1B109E3000A8AC3D /* Info.plist */,
			);
			name = "Supporting Files";
			path = "Oremia Mobile 2";
			sourceTree = "<group>";
		};
		12B3473E1B109E3000A8AC3D /* Oremia Mobile 2Tests */ = {
			isa = PBXGroup;
			children = (
				12B347411B109E3000A8AC3D /* Oremia_Mobile_2Tests.swift */,
				12B3473F1B109E3000A8AC3D /* Supporting Files */,
			);
			path = "Oremia Mobile 2Tests";
			sourceTree = "<group>";
		};
		12B3473F1B109E3000A8AC3D /* Supporting Files */ = {
			isa = PBXGroup;
			children = (
				12B347401B109E3000A8AC3D /* Info.plist */,
			);
			name = "Supporting Files";
			sourceTree = "<group>";
		};
		12B347EF1B10B6A900A8AC3D /* SWRevealViewController */ = {
			isa = PBXGroup;
			children = (
				12B347EC1B10B10E00A8AC3D /* SWRevealViewController.m */,
				12B347ED1B10B10E00A8AC3D /* SWRevealViewController.h */,
			);
			name = SWRevealViewController;
			sourceTree = "<group>";
		};
		12B347F01B10B6E100A8AC3D /* ViewControllers */ = {
			isa = PBXGroup;
			children = (
				12B347F11B10B70A00A8AC3D /* Dynamic content */,
				12B347F21B10B72E00A8AC3D /* Controllers */,
				12B3479C1B10B0AD00A8AC3D /* ActesTableViewController.swift */,
				12B3479F1B10B0AD00A8AC3D /* ConfigurationViewController.swift */,
				12B347A21B10B0AD00A8AC3D /* DetailsViewController.swift */,
				12B347A31B10B0AD00A8AC3D /* DocumentPatientTableViewController.swift */,
				12B347A61B10B0AD00A8AC3D /* EtatCivilViewController.swift */,
				12B347A71B10B0AD00A8AC3D /* FullScreenDocumentViewController.swift */,
				12B347A81B10B0AD00A8AC3D /* FullScreenRadioViewController.swift */,
				12B347B71B10B0AD00A8AC3D /* RadioCollectionViewController.swift */,
				12B347BB1B10B0AD00A8AC3D /* selectPratViewController.swift */,
				129D28C41B1613EE00EF28FA /* CalendarViewController.swift */,
				1274F9271B1C72FD002FCF43 /* ImageScrollViewController.swift */,
				127FE9041B1DFB9C0009B2E7 /* ImageCollectionViewController.swift */,
			);
			name = ViewControllers;
			sourceTree = "<group>";
		};
		12B347F11B10B70A00A8AC3D /* Dynamic content */ = {
			isa = PBXGroup;
			children = (
				12CF39EB1B178A0900883192 /* CircularLoaderView.swift */,
				12B3479B1B10B0AD00A8AC3D /* ActesTableViewCell.swift */,
				12B347A51B10B0AD00A8AC3D /* DocumentTableViewCell.swift */,
				12B347B01B10B0AD00A8AC3D /* NewsTableViewCell.swift */,
				12B347B61B10B0AD00A8AC3D /* RadioCollectionViewCell.swift */,
				12B347BF1B10B0AD00A8AC3D /* TrackCell.swift */,
				1274F9251B1B7D2B002FCF43 /* SearchTableViewCell.swift */,
			);
			name = "Dynamic content";
			sourceTree = "<group>";
		};
		12B347F21B10B72E00A8AC3D /* Controllers */ = {
			isa = PBXGroup;
			children = (
				12B347A11B10B0AD00A8AC3D /* DetailNavigationController.swift */,
				12B347BD1B10B0AD00A8AC3D /* TabBarViewController.swift */,
				1223CBB81B187D0300A42C80 /* EtatCivilTableViewController.swift */,
				1223CBBA1B1884BC00A42C80 /* PickerViewController.swift */,
				127FE9061B1E03610009B2E7 /* ImageViewController.swift */,
				127FE9081B2045D80009B2E7 /* EtatCivilNavigationViewController.swift */,
			);
			name = Controllers;
			sourceTree = "<group>";
		};
		12B347F31B10B73B00A8AC3D /* Trash */ = {
			isa = PBXGroup;
			children = (
				12B347A91B10B0AD00A8AC3D /* Header.h */,
				12B347BC1B10B0AD00A8AC3D /* SidebarMenu-Bridging-Header.h */,
				12B347C01B10B0AD00A8AC3D /* ViewController.swift */,
				12B347AD1B10B0AD00A8AC3D /* MapViewController.swift */,
				12B347AE1B10B0AD00A8AC3D /* MenuController.swift */,
				12B347AF1B10B0AD00A8AC3D /* model.swift */,
				12B347B11B10B0AD00A8AC3D /* NewsTableViewController.swift */,
				12B347B41B10B0AD00A8AC3D /* PhotoViewController.swift */,
			);
			name = Trash;
			sourceTree = "<group>";
		};
		12CF399F1B175F2E00883192 /* Frameworks */ = {
			isa = PBXGroup;
			children = (
				12C266E31B4D296000BA4C5A /* ImageIO.framework */,
				12C266DE1B4D278D00BA4C5A /* MapKit.framework */,
				12CF39A01B175F4600883192 /* Runes.framework */,
			);
			name = Frameworks;
			sourceTree = "<group>";
		};
		12CF39B21B175F7E00883192 /* gifu */ = {
			isa = PBXGroup;
			children = (
				12CF39A21B175F6A00883192 /* Animatable.swift */,
				12CF39A31B175F6A00883192 /* AnimatableImageView.swift */,
				12CF39A41B175F6A00883192 /* AnimatedFrame.swift */,
				12CF39A51B175F6A00883192 /* Animator.swift */,
				12CF39A61B175F6A00883192 /* Curry.swift */,
				12CF39A71B175F6A00883192 /* Gifu.h */,
				12CF39A81B175F6A00883192 /* ImageSourceHelpers.swift */,
				12CF39A91B175F6A00883192 /* UIImageExtension.swift */,
			);
			name = gifu;
			sourceTree = "<group>";
		};
		12CF39BF1B1789BE00883192 /* SDWebImage */ = {
			isa = PBXGroup;
			children = (
				12CF39C01B1789D000883192 /* NSData+ImageContentType.h */,
				12CF39C11B1789D000883192 /* NSData+ImageContentType.m */,
				12CF39C21B1789D000883192 /* SDImageCache.h */,
				12CF39C31B1789D000883192 /* SDImageCache.m */,
				12CF39C41B1789D000883192 /* SDWebImageCompat.h */,
				12CF39C51B1789D000883192 /* SDWebImageCompat.m */,
				12CF39C61B1789D000883192 /* SDWebImageDecoder.h */,
				12CF39C71B1789D000883192 /* SDWebImageDecoder.m */,
				12CF39C81B1789D000883192 /* SDWebImageDownloader.h */,
				12CF39C91B1789D000883192 /* SDWebImageDownloader.m */,
				12CF39CA1B1789D000883192 /* SDWebImageDownloaderOperation.h */,
				12CF39CB1B1789D000883192 /* SDWebImageDownloaderOperation.m */,
				12CF39CC1B1789D000883192 /* SDWebImageManager.h */,
				12CF39CD1B1789D000883192 /* SDWebImageManager.m */,
				12CF39CE1B1789D000883192 /* SDWebImageOperation.h */,
				12CF39CF1B1789D000883192 /* SDWebImagePrefetcher.h */,
				12CF39D01B1789D000883192 /* SDWebImagePrefetcher.m */,
				12CF39D11B1789D000883192 /* UIButton+WebCache.h */,
				12CF39D21B1789D000883192 /* UIButton+WebCache.m */,
				12CF39D31B1789D000883192 /* UIImage+GIF.h */,
				12CF39D41B1789D100883192 /* UIImage+GIF.m */,
				12CF39D51B1789D100883192 /* UIImage+MultiFormat.h */,
				12CF39D61B1789D100883192 /* UIImage+MultiFormat.m */,
				12CF39D71B1789D100883192 /* UIImageView+HighlightedWebCache.h */,
				12CF39D81B1789D100883192 /* UIImageView+HighlightedWebCache.m */,
				12CF39D91B1789D100883192 /* UIImageView+WebCache.h */,
				12CF39DA1B1789D100883192 /* UIImageView+WebCache.m */,
				12CF39DB1B1789D100883192 /* UIView+WebCacheOperation.h */,
				12CF39DC1B1789D100883192 /* UIView+WebCacheOperation.m */,
			);
			name = SDWebImage;
			sourceTree = "<group>";
		};
/* End PBXGroup section */

/* Begin PBXNativeTarget section */
		12B347251B109E3000A8AC3D /* Oremia Mobile 2 */ = {
			isa = PBXNativeTarget;
			buildConfigurationList = 12B347451B109E3000A8AC3D /* Build configuration list for PBXNativeTarget "Oremia Mobile 2" */;
			buildPhases = (
				12B347221B109E3000A8AC3D /* Sources */,
				12B347231B109E3000A8AC3D /* Frameworks */,
				12B347241B109E3000A8AC3D /* Resources */,
				12CF39B81B1764CF00883192 /* Embed Frameworks */,
			);
			buildRules = (
			);
			dependencies = (
			);
			name = "Oremia Mobile 2";
			productName = "Oremia Mobile 2";
			productReference = 12B347261B109E3000A8AC3D /* Oremia Mobile 2.app */;
			productType = "com.apple.product-type.application";
		};
		12B3473A1B109E3000A8AC3D /* Oremia Mobile 2Tests */ = {
			isa = PBXNativeTarget;
			buildConfigurationList = 12B347481B109E3000A8AC3D /* Build configuration list for PBXNativeTarget "Oremia Mobile 2Tests" */;
			buildPhases = (
				12B347371B109E3000A8AC3D /* Sources */,
				12B347381B109E3000A8AC3D /* Frameworks */,
				12B347391B109E3000A8AC3D /* Resources */,
			);
			buildRules = (
			);
			dependencies = (
				12B3473D1B109E3000A8AC3D /* PBXTargetDependency */,
			);
			name = "Oremia Mobile 2Tests";
			productName = "Oremia Mobile 2Tests";
			productReference = 12B3473B1B109E3000A8AC3D /* Oremia Mobile 2Tests.xctest */;
			productType = "com.apple.product-type.bundle.unit-test";
		};
/* End PBXNativeTarget section */

/* Begin PBXProject section */
		12B3471E1B109E3000A8AC3D /* Project object */ = {
			isa = PBXProject;
			attributes = {
				LastUpgradeCheck = 0630;
				ORGANIZATIONNAME = Zumatec;
				TargetAttributes = {
					12B347251B109E3000A8AC3D = {
						CreatedOnToolsVersion = 6.3.1;
					};
					12B3473A1B109E3000A8AC3D = {
						CreatedOnToolsVersion = 6.3.1;
						TestTargetID = 12B347251B109E3000A8AC3D;
					};
				};
			};
			buildConfigurationList = 12B347211B109E3000A8AC3D /* Build configuration list for PBXProject "Oremia Mobile 2" */;
			compatibilityVersion = "Xcode 3.2";
			developmentRegion = English;
			hasScannedForEncodings = 0;
			knownRegions = (
				en,
				Base,
			);
			mainGroup = 12B3471D1B109E3000A8AC3D;
			productRefGroup = 12B347271B109E3000A8AC3D /* Products */;
			projectDirPath = "";
			projectRoot = "";
			targets = (
				12B347251B109E3000A8AC3D /* Oremia Mobile 2 */,
				12B3473A1B109E3000A8AC3D /* Oremia Mobile 2Tests */,
			);
		};
/* End PBXProject section */

/* Begin PBXResourcesBuildPhase section */
		12B347241B109E3000A8AC3D /* Resources */ = {
			isa = PBXResourcesBuildPhase;
			buildActionMask = 2147483647;
			files = (
				12B347D21B10B0AD00A8AC3D /* Info.plist in Resources */,
				12B347EA1B10B0EB00A8AC3D /* LaunchScreen.xib in Resources */,
				12B347D11B10B0AD00A8AC3D /* Images.xcassets in Resources */,
				12B347EB1B10B0EB00A8AC3D /* Main.storyboard in Resources */,
			);
			runOnlyForDeploymentPostprocessing = 0;
		};
		12B347391B109E3000A8AC3D /* Resources */ = {
			isa = PBXResourcesBuildPhase;
			buildActionMask = 2147483647;
			files = (
			);
			runOnlyForDeploymentPostprocessing = 0;
		};
/* End PBXResourcesBuildPhase section */

/* Begin PBXSourcesBuildPhase section */
		12B347221B109E3000A8AC3D /* Sources */ = {
			isa = PBXSourcesBuildPhase;
			buildActionMask = 2147483647;
			files = (
				12CF39E61B1789D100883192 /* UIImage+GIF.m in Sources */,
				12B347C41B10B0AD00A8AC3D /* APIController.swift in Sources */,
				12CF39AA1B175F6A00883192 /* Animatable.swift in Sources */,
				12B347DB1B10B0AD00A8AC3D /* praticien.swift in Sources */,
				12CF39E31B1789D100883192 /* SDWebImageManager.m in Sources */,
				12B347CF1B10B0AD00A8AC3D /* FullScreenRadioViewController.swift in Sources */,
				12B347DA1B10B0AD00A8AC3D /* PhotoViewController.swift in Sources */,
				1274F9241B1B6F52002FCF43 /* date.swift in Sources */,
				12B347D61B10B0AD00A8AC3D /* NewsTableViewCell.swift in Sources */,
				129D28B91B15F27000EF28FA /* MSCollectionViewCalendarLayout.m in Sources */,
				12B347E41B10B0AD00A8AC3D /* TrackCell.swift in Sources */,
				1274F9281B1C72FD002FCF43 /* ImageScrollViewController.swift in Sources */,
				129D28BC1B15F2ED00EF28FA /* NSDate+CupertinoYankee.m in Sources */,
				12B347DE1B10B0AD00A8AC3D /* Reachability.swift in Sources */,
				12B347EE1B10B10E00A8AC3D /* SWRevealViewController.m in Sources */,
				12B347C31B10B0AD00A8AC3D /* ActesTableViewController.swift in Sources */,
				12B347C91B10B0AD00A8AC3D /* DetailsViewController.swift in Sources */,
				12B347D71B10B0AD00A8AC3D /* NewsTableViewController.swift in Sources */,
				12B347C21B10B0AD00A8AC3D /* ActesTableViewCell.swift in Sources */,
				12CF39B01B175F6A00883192 /* UIImageExtension.swift in Sources */,
				12B347CD1B10B0AD00A8AC3D /* EtatCivilViewController.swift in Sources */,
				12B347DD1B10B0AD00A8AC3D /* RadioCollectionViewController.swift in Sources */,
				12B347E01B10B0AD00A8AC3D /* selectedUser.swift in Sources */,
				12CF39AF1B175F6A00883192 /* ImageSourceHelpers.swift in Sources */,
				12B347CC1B10B0AD00A8AC3D /* DocumentTableViewCell.swift in Sources */,
				12B347CA1B10B0AD00A8AC3D /* DocumentPatientTableViewController.swift in Sources */,
				12B347C51B10B0AD00A8AC3D /* AppDelegate.swift in Sources */,
				1223CBBB1B1884BC00A42C80 /* PickerViewController.swift in Sources */,
				1274F9261B1B7D2B002FCF43 /* SearchTableViewCell.swift in Sources */,
				12CF39E51B1789D100883192 /* UIButton+WebCache.m in Sources */,
				12CF39E81B1789D100883192 /* UIImageView+HighlightedWebCache.m in Sources */,
				12B347CE1B10B0AD00A8AC3D /* FullScreenDocumentViewController.swift in Sources */,
				12B347D51B10B0AD00A8AC3D /* model.swift in Sources */,
				12CF39E91B1789D100883192 /* UIImageView+WebCache.m in Sources */,
				12CF39EC1B178A0900883192 /* CircularLoaderView.swift in Sources */,
				127FE9091B2045D80009B2E7 /* EtatCivilNavigationViewController.swift in Sources */,
				127FE9051B1DFB9C0009B2E7 /* ImageCollectionViewController.swift in Sources */,
				12CF39DE1B1789D100883192 /* SDImageCache.m in Sources */,
				12CF39DF1B1789D100883192 /* SDWebImageCompat.m in Sources */,
				12B347D91B10B0AD00A8AC3D /* patients.swift in Sources */,
				12CF39E41B1789D100883192 /* SDWebImagePrefetcher.m in Sources */,
				12CF39E71B1789D100883192 /* UIImage+MultiFormat.m in Sources */,
				12CF39E01B1789D100883192 /* SDWebImageDecoder.m in Sources */,
				1223CBB91B187D0300A42C80 /* EtatCivilTableViewController.swift in Sources */,
				129D28C51B1613EE00EF28FA /* CalendarViewController.swift in Sources */,
				12CF39AE1B175F6A00883192 /* Curry.swift in Sources */,
				12B347DC1B10B0AD00A8AC3D /* RadioCollectionViewCell.swift in Sources */,
				12B347D41B10B0AD00A8AC3D /* MenuController.swift in Sources */,
				12B347C81B10B0AD00A8AC3D /* DetailNavigationController.swift in Sources */,
				12B347CB1B10B0AD00A8AC3D /* Documents.swift in Sources */,
				12B347C11B10B0AD00A8AC3D /* Actes.swift in Sources */,
				12B347C61B10B0AD00A8AC3D /* ConfigurationViewController.swift in Sources */,
				12CF39AD1B175F6A00883192 /* Animator.swift in Sources */,
				12B347E51B10B0AD00A8AC3D /* ViewController.swift in Sources */,
				12B347C71B10B0AD00A8AC3D /* ConnexionString.swift in Sources */,
				12B347E31B10B0AD00A8AC3D /* Track.swift in Sources */,
				12CF39AB1B175F6A00883192 /* AnimatableImageView.swift in Sources */,
				12B347DF1B10B0AD00A8AC3D /* SCLAlertView.swift in Sources */,
				12CF39DD1B1789D100883192 /* NSData+ImageContentType.m in Sources */,
				12CF39AC1B175F6A00883192 /* AnimatedFrame.swift in Sources */,
				12B347D31B10B0AD00A8AC3D /* MapViewController.swift in Sources */,
				12CF39E21B1789D100883192 /* SDWebImageDownloaderOperation.m in Sources */,
				12B347E11B10B0AD00A8AC3D /* selectPratViewController.swift in Sources */,
				12CF39E11B1789D100883192 /* SDWebImageDownloader.m in Sources */,
				12CF39EA1B1789D100883192 /* UIView+WebCacheOperation.m in Sources */,
				127FE9071B1E03610009B2E7 /* ImageViewController.swift in Sources */,
				12B347E21B10B0AD00A8AC3D /* TabBarViewController.swift in Sources */,
			);
			runOnlyForDeploymentPostprocessing = 0;
		};
		12B347371B109E3000A8AC3D /* Sources */ = {
			isa = PBXSourcesBuildPhase;
			buildActionMask = 2147483647;
			files = (
				12B347421B109E3000A8AC3D /* Oremia_Mobile_2Tests.swift in Sources */,
			);
			runOnlyForDeploymentPostprocessing = 0;
		};
/* End PBXSourcesBuildPhase section */

/* Begin PBXTargetDependency section */
		12B3473D1B109E3000A8AC3D /* PBXTargetDependency */ = {
			isa = PBXTargetDependency;
			target = 12B347251B109E3000A8AC3D /* Oremia Mobile 2 */;
			targetProxy = 12B3473C1B109E3000A8AC3D /* PBXContainerItemProxy */;
		};
/* End PBXTargetDependency section */

/* Begin PBXVariantGroup section */
		12B347E61B10B0EB00A8AC3D /* LaunchScreen.xib */ = {
			isa = PBXVariantGroup;
			children = (
				12B347E71B10B0EB00A8AC3D /* Base */,
			);
			name = LaunchScreen.xib;
			sourceTree = "<group>";
		};
		12B347E81B10B0EB00A8AC3D /* Main.storyboard */ = {
			isa = PBXVariantGroup;
			children = (
				12B347E91B10B0EB00A8AC3D /* Base */,
			);
			name = Main.storyboard;
			sourceTree = "<group>";
		};
/* End PBXVariantGroup section */

/* Begin XCBuildConfiguration section */
		12B347431B109E3000A8AC3D /* Debug */ = {
			isa = XCBuildConfiguration;
			buildSettings = {
				ALWAYS_SEARCH_USER_PATHS = NO;
				CLANG_CXX_LANGUAGE_STANDARD = "gnu++0x";
				CLANG_CXX_LIBRARY = "libc++";
				CLANG_ENABLE_MODULES = YES;
				CLANG_ENABLE_OBJC_ARC = YES;
				CLANG_WARN_BOOL_CONVERSION = YES;
				CLANG_WARN_CONSTANT_CONVERSION = YES;
				CLANG_WARN_DIRECT_OBJC_ISA_USAGE = YES_ERROR;
				CLANG_WARN_EMPTY_BODY = YES;
				CLANG_WARN_ENUM_CONVERSION = YES;
				CLANG_WARN_INT_CONVERSION = YES;
				CLANG_WARN_OBJC_ROOT_CLASS = YES_ERROR;
				CLANG_WARN_UNREACHABLE_CODE = YES;
				CLANG_WARN__DUPLICATE_METHOD_MATCH = YES;
				"CODE_SIGN_IDENTITY[sdk=iphoneos*]" = "iPhone Developer";
				COPY_PHASE_STRIP = NO;
				DEBUG_INFORMATION_FORMAT = "dwarf-with-dsym";
				ENABLE_STRICT_OBJC_MSGSEND = YES;
				GCC_C_LANGUAGE_STANDARD = gnu99;
				GCC_DYNAMIC_NO_PIC = NO;
				GCC_NO_COMMON_BLOCKS = YES;
				GCC_OPTIMIZATION_LEVEL = 0;
				GCC_PREPROCESSOR_DEFINITIONS = (
					"DEBUG=1",
					"$(inherited)",
				);
				GCC_SYMBOLS_PRIVATE_EXTERN = NO;
				GCC_WARN_64_TO_32_BIT_CONVERSION = YES;
				GCC_WARN_ABOUT_RETURN_TYPE = YES_ERROR;
				GCC_WARN_UNDECLARED_SELECTOR = YES;
				GCC_WARN_UNINITIALIZED_AUTOS = YES_AGGRESSIVE;
				GCC_WARN_UNUSED_FUNCTION = YES;
				GCC_WARN_UNUSED_VARIABLE = YES;
				IPHONEOS_DEPLOYMENT_TARGET = 8.3;
				MTL_ENABLE_DEBUG_INFO = YES;
				ONLY_ACTIVE_ARCH = YES;
				SDKROOT = iphoneos;
				SWIFT_OPTIMIZATION_LEVEL = "-Onone";
				TARGETED_DEVICE_FAMILY = "1,2";
			};
			name = Debug;
		};
		12B347441B109E3000A8AC3D /* Release */ = {
			isa = XCBuildConfiguration;
			buildSettings = {
				ALWAYS_SEARCH_USER_PATHS = NO;
				CLANG_CXX_LANGUAGE_STANDARD = "gnu++0x";
				CLANG_CXX_LIBRARY = "libc++";
				CLANG_ENABLE_MODULES = YES;
				CLANG_ENABLE_OBJC_ARC = YES;
				CLANG_WARN_BOOL_CONVERSION = YES;
				CLANG_WARN_CONSTANT_CONVERSION = YES;
				CLANG_WARN_DIRECT_OBJC_ISA_USAGE = YES_ERROR;
				CLANG_WARN_EMPTY_BODY = YES;
				CLANG_WARN_ENUM_CONVERSION = YES;
				CLANG_WARN_INT_CONVERSION = YES;
				CLANG_WARN_OBJC_ROOT_CLASS = YES_ERROR;
				CLANG_WARN_UNREACHABLE_CODE = YES;
				CLANG_WARN__DUPLICATE_METHOD_MATCH = YES;
				"CODE_SIGN_IDENTITY[sdk=iphoneos*]" = "iPhone Developer";
				COPY_PHASE_STRIP = NO;
				DEBUG_INFORMATION_FORMAT = "dwarf-with-dsym";
				ENABLE_NS_ASSERTIONS = NO;
				ENABLE_STRICT_OBJC_MSGSEND = YES;
				GCC_C_LANGUAGE_STANDARD = gnu99;
				GCC_NO_COMMON_BLOCKS = YES;
				GCC_WARN_64_TO_32_BIT_CONVERSION = YES;
				GCC_WARN_ABOUT_RETURN_TYPE = YES_ERROR;
				GCC_WARN_UNDECLARED_SELECTOR = YES;
				GCC_WARN_UNINITIALIZED_AUTOS = YES_AGGRESSIVE;
				GCC_WARN_UNUSED_FUNCTION = YES;
				GCC_WARN_UNUSED_VARIABLE = YES;
				IPHONEOS_DEPLOYMENT_TARGET = 8.3;
				MTL_ENABLE_DEBUG_INFO = NO;
				SDKROOT = iphoneos;
				TARGETED_DEVICE_FAMILY = "1,2";
				VALIDATE_PRODUCT = YES;
			};
			name = Release;
		};
		12B347461B109E3000A8AC3D /* Debug */ = {
			isa = XCBuildConfiguration;
			buildSettings = {
				ASSETCATALOG_COMPILER_APPICON_NAME = AppIcon;
				CLANG_ENABLE_MODULES = YES;
				FRAMEWORK_SEARCH_PATHS = (
					"$(inherited)",
					"$(PROJECT_DIR)",
				);
				INFOPLIST_FILE = "Oremia Mobile 2/Info.plist";
				LD_RUNPATH_SEARCH_PATHS = "$(inherited) @executable_path/Frameworks";
				PRODUCT_NAME = "$(TARGET_NAME)";
				SWIFT_OBJC_BRIDGING_HEADER = "Oremia Mobile 2/Oremia Mobile 2-Bridging-Header.h";
				SWIFT_OPTIMIZATION_LEVEL = "-Onone";
			};
			name = Debug;
		};
		12B347471B109E3000A8AC3D /* Release */ = {
			isa = XCBuildConfiguration;
			buildSettings = {
				ASSETCATALOG_COMPILER_APPICON_NAME = AppIcon;
				CLANG_ENABLE_MODULES = YES;
				FRAMEWORK_SEARCH_PATHS = (
					"$(inherited)",
					"$(PROJECT_DIR)",
				);
				INFOPLIST_FILE = "Oremia Mobile 2/Info.plist";
				LD_RUNPATH_SEARCH_PATHS = "$(inherited) @executable_path/Frameworks";
				PRODUCT_NAME = "$(TARGET_NAME)";
				SWIFT_OBJC_BRIDGING_HEADER = "Oremia Mobile 2/Oremia Mobile 2-Bridging-Header.h";
			};
			name = Release;
		};
		12B347491B109E3000A8AC3D /* Debug */ = {
			isa = XCBuildConfiguration;
			buildSettings = {
				BUNDLE_LOADER = "$(TEST_HOST)";
				FRAMEWORK_SEARCH_PATHS = (
					"$(SDKROOT)/Developer/Library/Frameworks",
					"$(inherited)",
				);
				GCC_PREPROCESSOR_DEFINITIONS = (
					"DEBUG=1",
					"$(inherited)",
				);
				INFOPLIST_FILE = "Oremia Mobile 2Tests/Info.plist";
				LD_RUNPATH_SEARCH_PATHS = "$(inherited) @executable_path/Frameworks @loader_path/Frameworks";
				PRODUCT_NAME = "$(TARGET_NAME)";
				TEST_HOST = "$(BUILT_PRODUCTS_DIR)/Oremia Mobile 2.app/Oremia Mobile 2";
			};
			name = Debug;
		};
		12B3474A1B109E3000A8AC3D /* Release */ = {
			isa = XCBuildConfiguration;
			buildSettings = {
				BUNDLE_LOADER = "$(TEST_HOST)";
				FRAMEWORK_SEARCH_PATHS = (
					"$(SDKROOT)/Developer/Library/Frameworks",
					"$(inherited)",
				);
				INFOPLIST_FILE = "Oremia Mobile 2Tests/Info.plist";
				LD_RUNPATH_SEARCH_PATHS = "$(inherited) @executable_path/Frameworks @loader_path/Frameworks";
				PRODUCT_NAME = "$(TARGET_NAME)";
				TEST_HOST = "$(BUILT_PRODUCTS_DIR)/Oremia Mobile 2.app/Oremia Mobile 2";
			};
			name = Release;
		};
/* End XCBuildConfiguration section */

/* Begin XCConfigurationList section */
		12B347211B109E3000A8AC3D /* Build configuration list for PBXProject "Oremia Mobile 2" */ = {
			isa = XCConfigurationList;
			buildConfigurations = (
				12B347431B109E3000A8AC3D /* Debug */,
				12B347441B109E3000A8AC3D /* Release */,
			);
			defaultConfigurationIsVisible = 0;
			defaultConfigurationName = Release;
		};
		12B347451B109E3000A8AC3D /* Build configuration list for PBXNativeTarget "Oremia Mobile 2" */ = {
			isa = XCConfigurationList;
			buildConfigurations = (
				12B347461B109E3000A8AC3D /* Debug */,
				12B347471B109E3000A8AC3D /* Release */,
			);
			defaultConfigurationIsVisible = 0;
			defaultConfigurationName = Release;
		};
		12B347481B109E3000A8AC3D /* Build configuration list for PBXNativeTarget "Oremia Mobile 2Tests" */ = {
			isa = XCConfigurationList;
			buildConfigurations = (
				12B347491B109E3000A8AC3D /* Debug */,
				12B3474A1B109E3000A8AC3D /* Release */,
			);
			defaultConfigurationIsVisible = 0;
			defaultConfigurationName = Release;
		};
/* End XCConfigurationList section */
	};
	rootObject = 12B3471E1B109E3000A8AC3D /* Project object */;
}
